// !$*UTF8*$!
{
	archiveVersion = 1;
	classes = {
	};
	objectVersion = 46;
	objects = {

/* Begin PBXBuildFile section */
		6ED9AD2419206941002018EF /* Foundation.framework in Frameworks */ = {isa = PBXBuildFile; fileRef = 6ED9AD2319206941002018EF /* Foundation.framework */; };
		6ED9AD2619206941002018EF /* CoreGraphics.framework in Frameworks */ = {isa = PBXBuildFile; fileRef = 6ED9AD2519206941002018EF /* CoreGraphics.framework */; };
		6ED9AD2819206941002018EF /* UIKit.framework in Frameworks */ = {isa = PBXBuildFile; fileRef = 6ED9AD2719206941002018EF /* UIKit.framework */; };
		6ED9AD2E19206941002018EF /* InfoPlist.strings in Resources */ = {isa = PBXBuildFile; fileRef = 6ED9AD2C19206941002018EF /* InfoPlist.strings */; };
		6ED9AD3019206941002018EF /* main.m in Sources */ = {isa = PBXBuildFile; fileRef = 6ED9AD2F19206941002018EF /* main.m */; };
		6ED9AD3419206941002018EF /* SXAppDelegate.m in Sources */ = {isa = PBXBuildFile; fileRef = 6ED9AD3319206941002018EF /* SXAppDelegate.m */; };
		6ED9AD3719206941002018EF /* Main.storyboard in Resources */ = {isa = PBXBuildFile; fileRef = 6ED9AD3519206941002018EF /* Main.storyboard */; };
		6ED9AD3A19206941002018EF /* SXViewController.m in Sources */ = {isa = PBXBuildFile; fileRef = 6ED9AD3919206941002018EF /* SXViewController.m */; };
		6ED9AD3C19206941002018EF /* Images.xcassets in Resources */ = {isa = PBXBuildFile; fileRef = 6ED9AD3B19206941002018EF /* Images.xcassets */; };
		6ED9AD4319206941002018EF /* XCTest.framework in Frameworks */ = {isa = PBXBuildFile; fileRef = 6ED9AD4219206941002018EF /* XCTest.framework */; };
		6ED9AD4419206941002018EF /* Foundation.framework in Frameworks */ = {isa = PBXBuildFile; fileRef = 6ED9AD2319206941002018EF /* Foundation.framework */; };
		6ED9AD4519206941002018EF /* UIKit.framework in Frameworks */ = {isa = PBXBuildFile; fileRef = 6ED9AD2719206941002018EF /* UIKit.framework */; };
		6ED9AD4D19206941002018EF /* InfoPlist.strings in Resources */ = {isa = PBXBuildFile; fileRef = 6ED9AD4B19206941002018EF /* InfoPlist.strings */; };
		6ED9AD4F19206941002018EF /* TestCoreDataTests.m in Sources */ = {isa = PBXBuildFile; fileRef = 6ED9AD4E19206941002018EF /* TestCoreDataTests.m */; };
		6ED9AD5919206951002018EF /* CoreData.framework in Frameworks */ = {isa = PBXBuildFile; fileRef = 6ED9AD5819206951002018EF /* CoreData.framework */; };
		6ED9AD5C192069A7002018EF /* CDMaLong.xcdatamodeld in Sources */ = {isa = PBXBuildFile; fileRef = 6ED9AD5A192069A7002018EF /* CDMaLong.xcdatamodeld */; };
		6ED9AD6819206C92002018EF /* Entity.m in Sources */ = {isa = PBXBuildFile; fileRef = 6ED9AD6719206C92002018EF /* Entity.m */; };
		6ED9AD6A19207A34002018EF /* CDMaLong.sqlite in Resources */ = {isa = PBXBuildFile; fileRef = 6ED9AD6919207A34002018EF /* CDMaLong.sqlite */; };
		6ED9AD6C19207A46002018EF /* libsqlite3.0.dylib in Frameworks */ = {isa = PBXBuildFile; fileRef = 6ED9AD6B19207A46002018EF /* libsqlite3.0.dylib */; };
/* End PBXBuildFile section */

/* Begin PBXContainerItemProxy section */
		6ED9AD4619206941002018EF /* PBXContainerItemProxy */ = {
			isa = PBXContainerItemProxy;
			containerPortal = 6ED9AD1819206941002018EF /* Project object */;
			proxyType = 1;
			remoteGlobalIDString = 6ED9AD1F19206941002018EF;
			remoteInfo = TestCoreData;
		};
/* End PBXContainerItemProxy section */

/* Begin PBXFileReference section */
		6ED9AD2019206941002018EF /* TestCoreData.app */ = {isa = PBXFileReference; explicitFileType = wrapper.application; includeInIndex = 0; path = TestCoreData.app; sourceTree = BUILT_PRODUCTS_DIR; };
		6ED9AD2319206941002018EF /* Foundation.framework */ = {isa = PBXFileReference; lastKnownFileType = wrapper.framework; name = Foundation.framework; path = System/Library/Frameworks/Foundation.framework; sourceTree = SDKROOT; };
		6ED9AD2519206941002018EF /* CoreGraphics.framework */ = {isa = PBXFileReference; lastKnownFileType = wrapper.framework; name = CoreGraphics.framework; path = System/Library/Frameworks/CoreGraphics.framework; sourceTree = SDKROOT; };
		6ED9AD2719206941002018EF /* UIKit.framework */ = {isa = PBXFileReference; lastKnownFileType = wrapper.framework; name = UIKit.framework; path = System/Library/Frameworks/UIKit.framework; sourceTree = SDKROOT; };
		6ED9AD2B19206941002018EF /* TestCoreData-Info.plist */ = {isa = PBXFileReference; lastKnownFileType = text.plist.xml; path = "TestCoreData-Info.plist"; sourceTree = "<group>"; };
		6ED9AD2D19206941002018EF /* en */ = {isa = PBXFileReference; lastKnownFileType = text.plist.strings; name = en; path = en.lproj/InfoPlist.strings; sourceTree = "<group>"; };
		6ED9AD2F19206941002018EF /* main.m */ = {isa = PBXFileReference; lastKnownFileType = sourcecode.c.objc; path = main.m; sourceTree = "<group>"; };
		6ED9AD3119206941002018EF /* TestCoreData-Prefix.pch */ = {isa = PBXFileReference; lastKnownFileType = sourcecode.c.h; path = "TestCoreData-Prefix.pch"; sourceTree = "<group>"; };
		6ED9AD3219206941002018EF /* SXAppDelegate.h */ = {isa = PBXFileReference; lastKnownFileType = sourcecode.c.h; path = SXAppDelegate.h; sourceTree = "<group>"; };
		6ED9AD3319206941002018EF /* SXAppDelegate.m */ = {isa = PBXFileReference; lastKnownFileType = sourcecode.c.objc; path = SXAppDelegate.m; sourceTree = "<group>"; };
		6ED9AD3619206941002018EF /* Base */ = {isa = PBXFileReference; lastKnownFileType = file.storyboard; name = Base; path = Base.lproj/Main.storyboard; sourceTree = "<group>"; };
		6ED9AD3819206941002018EF /* SXViewController.h */ = {isa = PBXFileReference; lastKnownFileType = sourcecode.c.h; path = SXViewController.h; sourceTree = "<group>"; };
		6ED9AD3919206941002018EF /* SXViewController.m */ = {isa = PBXFileReference; lastKnownFileType = sourcecode.c.objc; path = SXViewController.m; sourceTree = "<group>"; };
		6ED9AD3B19206941002018EF /* Images.xcassets */ = {isa = PBXFileReference; lastKnownFileType = folder.assetcatalog; path = Images.xcassets; sourceTree = "<group>"; };
		6ED9AD4119206941002018EF /* TestCoreDataTests.xctest */ = {isa = PBXFileReference; explicitFileType = wrapper.cfbundle; includeInIndex = 0; path = TestCoreDataTests.xctest; sourceTree = BUILT_PRODUCTS_DIR; };
		6ED9AD4219206941002018EF /* XCTest.framework */ = {isa = PBXFileReference; lastKnownFileType = wrapper.framework; name = XCTest.framework; path = Library/Frameworks/XCTest.framework; sourceTree = DEVELOPER_DIR; };
		6ED9AD4A19206941002018EF /* TestCoreDataTests-Info.plist */ = {isa = PBXFileReference; lastKnownFileType = text.plist.xml; path = "TestCoreDataTests-Info.plist"; sourceTree = "<group>"; };
		6ED9AD4C19206941002018EF /* en */ = {isa = PBXFileReference; lastKnownFileType = text.plist.strings; name = en; path = en.lproj/InfoPlist.strings; sourceTree = "<group>"; };
		6ED9AD4E19206941002018EF /* TestCoreDataTests.m */ = {isa = PBXFileReference; lastKnownFileType = sourcecode.c.objc; path = TestCoreDataTests.m; sourceTree = "<group>"; };
		6ED9AD5819206951002018EF /* CoreData.framework */ = {isa = PBXFileReference; lastKnownFileType = wrapper.framework; name = CoreData.framework; path = System/Library/Frameworks/CoreData.framework; sourceTree = SDKROOT; };
		6ED9AD5B192069A7002018EF /* CDMaLong.xcdatamodel */ = {isa = PBXFileReference; lastKnownFileType = wrapper.xcdatamodel; path = CDMaLong.xcdatamodel; sourceTree = "<group>"; };
		6ED9AD6619206C92002018EF /* Entity.h */ = {isa = PBXFileReference; fileEncoding = 4; lastKnownFileType = sourcecode.c.h; path = Entity.h; sourceTree = "<group>"; };
		6ED9AD6719206C92002018EF /* Entity.m */ = {isa = PBXFileReference; fileEncoding = 4; lastKnownFileType = sourcecode.c.objc; path = Entity.m; sourceTree = "<group>"; };
		6ED9AD6919207A34002018EF /* CDMaLong.sqlite */ = {isa = PBXFileReference; fileEncoding = 4; lastKnownFileType = text; path = CDMaLong.sqlite; sourceTree = "<group>"; };
		6ED9AD6B19207A46002018EF /* libsqlite3.0.dylib */ = {isa = PBXFileReference; lastKnownFileType = "compiled.mach-o.dylib"; name = libsqlite3.0.dylib; path = usr/lib/libsqlite3.0.dylib; sourceTree = SDKROOT; };
/* End PBXFileReference section */

/* Begin PBXFrameworksBuildPhase section */
		6ED9AD1D19206941002018EF /* Frameworks */ = {
			isa = PBXFrameworksBuildPhase;
			buildActionMask = 2147483647;
			files = (
				6ED9AD6C19207A46002018EF /* libsqlite3.0.dylib in Frameworks */,
				6ED9AD5919206951002018EF /* CoreData.framework in Frameworks */,
				6ED9AD2619206941002018EF /* CoreGraphics.framework in Frameworks */,
				6ED9AD2819206941002018EF /* UIKit.framework in Frameworks */,
				6ED9AD2419206941002018EF /* Foundation.framework in Frameworks */,
			);
			runOnlyForDeploymentPostprocessing = 0;
		};
		6ED9AD3E19206941002018EF /* Frameworks */ = {
			isa = PBXFrameworksBuildPhase;
			buildActionMask = 2147483647;
			files = (
				6ED9AD4319206941002018EF /* XCTest.framework in Frameworks */,
				6ED9AD4519206941002018EF /* UIKit.framework in Frameworks */,
				6ED9AD4419206941002018EF /* Foundation.framework in Frameworks */,
			);
			runOnlyForDeploymentPostprocessing = 0;
		};
/* End PBXFrameworksBuildPhase section */

/* Begin PBXGroup section */
		6ED9AD1719206941002018EF = {
			isa = PBXGroup;
			children = (
				6ED9AD2919206941002018EF /* TestCoreData */,
				6ED9AD4819206941002018EF /* TestCoreDataTests */,
				6ED9AD2219206941002018EF /* Frameworks */,
				6ED9AD2119206941002018EF /* Products */,
			);
			sourceTree = "<group>";
		};
		6ED9AD2119206941002018EF /* Products */ = {
			isa = PBXGroup;
			children = (
				6ED9AD2019206941002018EF /* TestCoreData.app */,
				6ED9AD4119206941002018EF /* TestCoreDataTests.xctest */,
			);
			name = Products;
			sourceTree = "<group>";
		};
		6ED9AD2219206941002018EF /* Frameworks */ = {
			isa = PBXGroup;
			children = (
				6ED9AD6B19207A46002018EF /* libsqlite3.0.dylib */,
				6ED9AD5819206951002018EF /* CoreData.framework */,
				6ED9AD2319206941002018EF /* Foundation.framework */,
				6ED9AD2519206941002018EF /* CoreGraphics.framework */,
				6ED9AD2719206941002018EF /* UIKit.framework */,
				6ED9AD4219206941002018EF /* XCTest.framework */,
			);
			name = Frameworks;
			sourceTree = "<group>";
		};
		6ED9AD2919206941002018EF /* TestCoreData */ = {
			isa = PBXGroup;
			children = (
				6ED9AD3219206941002018EF /* SXAppDelegate.h */,
				6ED9AD3319206941002018EF /* SXAppDelegate.m */,
				6ED9AD3519206941002018EF /* Main.storyboard */,
				6ED9AD3819206941002018EF /* SXViewController.h */,
				6ED9AD3919206941002018EF /* SXViewController.m */,
				6ED9AD3B19206941002018EF /* Images.xcassets */,
				6ED9AD2A19206941002018EF /* Supporting Files */,
			);
			path = TestCoreData;
			sourceTree = "<group>";
		};
		6ED9AD2A19206941002018EF /* Supporting Files */ = {
			isa = PBXGroup;
			children = (
				6ED9AD2B19206941002018EF /* TestCoreData-Info.plist */,
				6ED9AD5A192069A7002018EF /* CDMaLong.xcdatamodeld */,
				6ED9AD6919207A34002018EF /* CDMaLong.sqlite */,
				6ED9AD6619206C92002018EF /* Entity.h */,
				6ED9AD6719206C92002018EF /* Entity.m */,
				6ED9AD2C19206941002018EF /* InfoPlist.strings */,
				6ED9AD2F19206941002018EF /* main.m */,
				6ED9AD3119206941002018EF /* TestCoreData-Prefix.pch */,
			);
			name = "Supporting Files";
			sourceTree = "<group>";
		};
		6ED9AD4819206941002018EF /* TestCoreDataTests */ = {
			isa = PBXGroup;
			children = (
				6ED9AD4E19206941002018EF /* TestCoreDataTests.m */,
				6ED9AD4919206941002018EF /* Supporting Files */,
			);
			path = TestCoreDataTests;
			sourceTree = "<group>";
		};
		6ED9AD4919206941002018EF /* Supporting Files */ = {
			isa = PBXGroup;
			children = (
				6ED9AD4A19206941002018EF /* TestCoreDataTests-Info.plist */,
				6ED9AD4B19206941002018EF /* InfoPlist.strings */,
			);
			name = "Supporting Files";
			sourceTree = "<group>";
		};
/* End PBXGroup section */

/* Begin PBXNativeTarget section */
		6ED9AD1F19206941002018EF /* TestCoreData */ = {
			isa = PBXNativeTarget;
			buildConfigurationList = 6ED9AD5219206941002018EF /* Build configuration list for PBXNativeTarget "TestCoreData" */;
			buildPhases = (
				6ED9AD1C19206941002018EF /* Sources */,
				6ED9AD1D19206941002018EF /* Frameworks */,
				6ED9AD1E19206941002018EF /* Resources */,
			);
			buildRules = (
			);
			dependencies = (
			);
			name = TestCoreData;
			productName = TestCoreData;
			productReference = 6ED9AD2019206941002018EF /* TestCoreData.app */;
			productType = "com.apple.product-type.application";
		};
		6ED9AD4019206941002018EF /* TestCoreDataTests */ = {
			isa = PBXNativeTarget;
			buildConfigurationList = 6ED9AD5519206941002018EF /* Build configuration list for PBXNativeTarget "TestCoreDataTests" */;
			buildPhases = (
				6ED9AD3D19206941002018EF /* Sources */,
				6ED9AD3E19206941002018EF /* Frameworks */,
				6ED9AD3F19206941002018EF /* Resources */,
			);
			buildRules = (
			);
			dependencies = (
				6ED9AD4719206941002018EF /* PBXTargetDependency */,
			);
			name = TestCoreDataTests;
			productName = TestCoreDataTests;
			productReference = 6ED9AD4119206941002018EF /* TestCoreDataTests.xctest */;
			productType = "com.apple.product-type.bundle.unit-test";
		};
/* End PBXNativeTarget section */

/* Begin PBXProject section */
		6ED9AD1819206941002018EF /* Project object */ = {
			isa = PBXProject;
			attributes = {
				CLASSPREFIX = SX;
				LastUpgradeCheck = 0510;
				ORGANIZATIONNAME = sanxian;
				TargetAttributes = {
					6ED9AD4019206941002018EF = {
						TestTargetID = 6ED9AD1F19206941002018EF;
					};
				};
			};
			buildConfigurationList = 6ED9AD1B19206941002018EF /* Build configuration list for PBXProject "TestCoreData" */;
			compatibilityVersion = "Xcode 3.2";
			developmentRegion = English;
			hasScannedForEncodings = 0;
			knownRegions = (
				en,
				Base,
			);
			mainGroup = 6ED9AD1719206941002018EF;
			productRefGroup = 6ED9AD2119206941002018EF /* Products */;
			projectDirPath = "";
			projectRoot = "";
			targets = (
				6ED9AD1F19206941002018EF /* TestCoreData */,
				6ED9AD4019206941002018EF /* TestCoreDataTests */,
			);
		};
/* End PBXProject section */

/* Begin PBXResourcesBuildPhase section */
		6ED9AD1E19206941002018EF /* Resources */ = {
			isa = PBXResourcesBuildPhase;
			buildActionMask = 2147483647;
			files = (
				6ED9AD6A19207A34002018EF /* CDMaLong.sqlite in Resources */,
				6ED9AD3C19206941002018EF /* Images.xcassets in Resources */,
				6ED9AD2E19206941002018EF /* InfoPlist.strings in Resources */,
				6ED9AD3719206941002018EF /* Main.storyboard in Resources */,
			);
			runOnlyForDeploymentPostprocessing = 0;
		};
		6ED9AD3F19206941002018EF /* Resources */ = {
			isa = PBXResourcesBuildPhase;
			buildActionMask = 2147483647;
			files = (
				6ED9AD4D19206941002018EF /* InfoPlist.strings in Resources */,
			);
			runOnlyForDeploymentPostprocessing = 0;
		};
/* End PBXResourcesBuildPhase section */

/* Begin PBXSourcesBuildPhase section */
		6ED9AD1C19206941002018EF /* Sources */ = {
			isa = PBXSourcesBuildPhase;
			buildActionMask = 2147483647;
			files = (
				6ED9AD6819206C92002018EF /* Entity.m in Sources */,
				6ED9AD3A19206941002018EF /* SXViewController.m in Sources */,
				6ED9AD3019206941002018EF /* main.m in Sources */,
				6ED9AD5C192069A7002018EF /* CDMaLong.xcdatamodeld in Sources */,
				6ED9AD3419206941002018EF /* SXAppDelegate.m in Sources */,
			);
			runOnlyForDeploymentPostprocessing = 0;
		};
		6ED9AD3D19206941002018EF /* Sources */ = {
			isa = PBXSourcesBuildPhase;
			buildActionMask = 2147483647;
			files = (
				6ED9AD4F19206941002018EF /* TestCoreDataTests.m in Sources */,
			);
			runOnlyForDeploymentPostprocessing = 0;
		};
/* End PBXSourcesBuildPhase section */

/* Begin PBXTargetDependency section */
		6ED9AD4719206941002018EF /* PBXTargetDependency */ = {
			isa = PBXTargetDependency;
			target = 6ED9AD1F19206941002018EF /* TestCoreData */;
			targetProxy = 6ED9AD4619206941002018EF /* PBXContainerItemProxy */;
		};
/* End PBXTargetDependency section */

/* Begin PBXVariantGroup section */
		6ED9AD2C19206941002018EF /* InfoPlist.strings */ = {
			isa = PBXVariantGroup;
			children = (
				6ED9AD2D19206941002018EF /* en */,
			);
			name = InfoPlist.strings;
			sourceTree = "<group>";
		};
		6ED9AD3519206941002018EF /* Main.storyboard */ = {
			isa = PBXVariantGroup;
			children = (
				6ED9AD3619206941002018EF /* Base */,
			);
			name = Main.storyboard;
			sourceTree = "<group>";
		};
		6ED9AD4B19206941002018EF /* InfoPlist.strings */ = {
			isa = PBXVariantGroup;
			children = (
				6ED9AD4C19206941002018EF /* en */,
			);
			name = InfoPlist.strings;
			sourceTree = "<group>";
		};
/* End PBXVariantGroup section */

/* Begin XCBuildConfiguration section */
		6ED9AD5019206941002018EF /* Debug */ = {
			isa = XCBuildConfiguration;
			buildSettings = {
				ALWAYS_SEARCH_USER_PATHS = NO;
				CLANG_CXX_LANGUAGE_STANDARD = "gnu++0x";
				CLANG_CXX_LIBRARY = "libc++";
				CLANG_ENABLE_MODULES = YES;
				CLANG_ENABLE_OBJC_ARC = YES;
				CLANG_WARN_BOOL_CONVERSION = YES;
				CLANG_WARN_CONSTANT_CONVERSION = YES;
				CLANG_WARN_DIRECT_OBJC_ISA_USAGE = YES_ERROR;
				CLANG_WARN_EMPTY_BODY = YES;
				CLANG_WARN_ENUM_CONVERSION = YES;
				CLANG_WARN_INT_CONVERSION = YES;
				CLANG_WARN_OBJC_ROOT_CLASS = YES_ERROR;
				CLANG_WARN__DUPLICATE_METHOD_MATCH = YES;
				"CODE_SIGN_IDENTITY[sdk=iphoneos*]" = "iPhone Developer";
				COPY_PHASE_STRIP = NO;
				GCC_C_LANGUAGE_STANDARD = gnu99;
				GCC_DYNAMIC_NO_PIC = NO;
				GCC_OPTIMIZATION_LEVEL = 0;
				GCC_PREPROCESSOR_DEFINITIONS = (
					"DEBUG=1",
					"$(inherited)",
				);
				GCC_SYMBOLS_PRIVATE_EXTERN = NO;
				GCC_WARN_64_TO_32_BIT_CONVERSION = YES;
				GCC_WARN_ABOUT_RETURN_TYPE = YES_ERROR;
				GCC_WARN_UNDECLARED_SELECTOR = YES;
				GCC_WARN_UNINITIALIZED_AUTOS = YES_AGGRESSIVE;
				GCC_WARN_UNUSED_FUNCTION = YES;
				GCC_WARN_UNUSED_VARIABLE = YES;
				IPHONEOS_DEPLOYMENT_TARGET = 7.1;
				ONLY_ACTIVE_ARCH = YES;
				SDKROOT = iphoneos;
			};
			name = Debug;
		};
		6ED9AD5119206941002018EF /* Release */ = {
			isa = XCBuildConfiguration;
			buildSettings = {
				ALWAYS_SEARCH_USER_PATHS = NO;
				CLANG_CXX_LANGUAGE_STANDARD = "gnu++0x";
				CLANG_CXX_LIBRARY = "libc++";
				CLANG_ENABLE_MODULES = YES;
				CLANG_ENABLE_OBJC_ARC = YES;
				CLANG_WARN_BOOL_CONVERSION = YES;
				CLANG_WARN_CONSTANT_CONVERSION = YES;
				CLANG_WARN_DIRECT_OBJC_ISA_USAGE = YES_ERROR;
				CLANG_WARN_EMPTY_BODY = YES;
				CLANG_WARN_ENUM_CONVERSION = YES;
				CLANG_WARN_INT_CONVERSION = YES;
				CLANG_WARN_OBJC_ROOT_CLASS = YES_ERROR;
				CLANG_WARN__DUPLICATE_METHOD_MATCH = YES;
				"CODE_SIGN_IDENTITY[sdk=iphoneos*]" = "iPhone Developer";
				COPY_PHASE_STRIP = YES;
				ENABLE_NS_ASSERTIONS = NO;
				GCC_C_LANGUAGE_STANDARD = gnu99;
				GCC_WARN_64_TO_32_BIT_CONVERSION = YES;
				GCC_WARN_ABOUT_RETURN_TYPE = YES_ERROR;
				GCC_WARN_UNDECLARED_SELECTOR = YES;
				GCC_WARN_UNINITIALIZED_AUTOS = YES_AGGRESSIVE;
				GCC_WARN_UNUSED_FUNCTION = YES;
				GCC_WARN_UNUSED_VARIABLE = YES;
				IPHONEOS_DEPLOYMENT_TARGET = 7.1;
				SDKROOT = iphoneos;
				VALIDATE_PRODUCT = YES;
			};
			name = Release;
		};
		6ED9AD5319206941002018EF /* Debug */ = {
			isa = XCBuildConfiguration;
			buildSettings = {
				ASSETCATALOG_COMPILER_APPICON_NAME = AppIcon;
				ASSETCATALOG_COMPILER_LAUNCHIMAGE_NAME = LaunchImage;
				GCC_PRECOMPILE_PREFIX_HEADER = YES;
				GCC_PREFIX_HEADER = "TestCoreData/TestCoreData-Prefix.pch";
				INFOPLIST_FILE = "TestCoreData/TestCoreData-Info.plist";
				PRODUCT_NAME = "$(TARGET_NAME)";
				WRAPPER_EXTENSION = app;
			};
			name = Debug;
		};
		6ED9AD5419206941002018EF /* Release */ = {
			isa = XCBuildConfiguration;
			buildSettings = {
				ASSETCATALOG_COMPILER_APPICON_NAME = AppIcon;
				ASSETCATALOG_COMPILER_LAUNCHIMAGE_NAME = LaunchImage;
				GCC_PRECOMPILE_PREFIX_HEADER = YES;
				GCC_PREFIX_HEADER = "TestCoreData/TestCoreData-Prefix.pch";
				INFOPLIST_FILE = "TestCoreData/TestCoreData-Info.plist";
				PRODUCT_NAME = "$(TARGET_NAME)";
				WRAPPER_EXTENSION = app;
			};
			name = Release;
		};
		6ED9AD5619206941002018EF /* Debug */ = {
			isa = XCBuildConfiguration;
			buildSettings = {
				BUNDLE_LOADER = "$(BUILT_PRODUCTS_DIR)/TestCoreData.app/TestCoreData";
				FRAMEWORK_SEARCH_PATHS = (
					"$(SDKROOT)/Developer/Library/Frameworks",
					"$(inherited)",
					"$(DEVELOPER_FRAMEWORKS_DIR)",
				);
				GCC_PRECOMPILE_PREFIX_HEADER = YES;
				GCC_PREFIX_HEADER = "TestCoreData/TestCoreData-Prefix.pch";
				GCC_PREPROCESSOR_DEFINITIONS = (
					"DEBUG=1",
					"$(inherited)",
				);
				INFOPLIST_FILE = "TestCoreDataTests/TestCoreDataTests-Info.plist";
				PRODUCT_NAME = "$(TARGET_NAME)";
				TEST_HOST = "$(BUNDLE_LOADER)";
				WRAPPER_EXTENSION = xctest;
			};
			name = Debug;
		};
		6ED9AD5719206941002018EF /* Release */ = {
			isa = XCBuildConfiguration;
			buildSettings = {
				BUNDLE_LOADER = "$(BUILT_PRODUCTS_DIR)/TestCoreData.app/TestCoreData";
				FRAMEWORK_SEARCH_PATHS = (
					"$(SDKROOT)/Developer/Library/Frameworks",
					"$(inherited)",
					"$(DEVELOPER_FRAMEWORKS_DIR)",
				);
				GCC_PRECOMPILE_PREFIX_HEADER = YES;
				GCC_PREFIX_HEADER = "TestCoreData/TestCoreData-Prefix.pch";
				INFOPLIST_FILE = "TestCoreDataTests/TestCoreDataTests-Info.plist";
				PRODUCT_NAME = "$(TARGET_NAME)";
				TEST_HOST = "$(BUNDLE_LOADER)";
				WRAPPER_EXTENSION = xctest;
			};
			name = Release;
		};
/* End XCBuildConfiguration section */

/* Begin XCConfigurationList section */
		6ED9AD1B19206941002018EF /* Build configuration list for PBXProject "TestCoreData" */ = {
			isa = XCConfigurationList;
			buildConfigurations = (
				6ED9AD5019206941002018EF /* Debug */,
				6ED9AD5119206941002018EF /* Release */,
			);
			defaultConfigurationIsVisible = 0;
			defaultConfigurationName = Release;
		};
		6ED9AD5219206941002018EF /* Build configuration list for PBXNativeTarget "TestCoreData" */ = {
			isa = XCConfigurationList;
			buildConfigurations = (
				6ED9AD5319206941002018EF /* Debug */,
				6ED9AD5419206941002018EF /* Release */,
			);
			defaultConfigurationIsVisible = 0;
		};
		6ED9AD5519206941002018EF /* Build configuration list for PBXNativeTarget "TestCoreDataTests" */ = {
			isa = XCConfigurationList;
			buildConfigurations = (
				6ED9AD5619206941002018EF /* Debug */,
				6ED9AD5719206941002018EF /* Release */,
			);
			defaultConfigurationIsVisible = 0;
		};
/* End XCConfigurationList section */

/* Begin XCVersionGroup section */
		6ED9AD5A192069A7002018EF /* CDMaLong.xcdatamodeld */ = {
			isa = XCVersionGroup;
			children = (
				6ED9AD5B192069A7002018EF /* CDMaLong.xcdatamodel */,
			);
			currentVersion = 6ED9AD5B192069A7002018EF /* CDMaLong.xcdatamodel */;
			name = CDMaLong.xcdatamodeld;
			path = ../CDMaLong.xcdatamodeld;
			sourceTree = "<group>";
			versionGroupType = wrapper.xcdatamodel;
		};
/* End XCVersionGroup section */
	};
	rootObject = 6ED9AD1819206941002018EF /* Project object */;
}
